// !$*UTF8*$!
{
	archiveVersion = 1;
	classes = {
	};
	objectVersion = 56;
	objects = {

/* Begin PBXBuildFile section */
		073AF0702A8BF61100AB1640 /* AWSCognitoAuthPlugin in Frameworks */ = {isa = PBXBuildFile; productRef = 073AF06F2A8BF61100AB1640 /* AWSCognitoAuthPlugin */; };
		073AF0722A8BF61100AB1640 /* Amplify in Frameworks */ = {isa = PBXBuildFile; productRef = 073AF0712A8BF61100AB1640 /* Amplify */; };
		073AF0752A8BF6A500AB1640 /* Authenticator in Frameworks */ = {isa = PBXBuildFile; productRef = 073AF0742A8BF6A500AB1640 /* Authenticator */; };
		07D928C12A8812E2007BC1E1 /* NewGradPositionsApp.swift in Sources */ = {isa = PBXBuildFile; fileRef = 07D928C02A8812E2007BC1E1 /* NewGradPositionsApp.swift */; };
		07D928C32A8812E2007BC1E1 /* ContentView.swift in Sources */ = {isa = PBXBuildFile; fileRef = 07D928C22A8812E2007BC1E1 /* ContentView.swift */; };
		07D928C52A8812E4007BC1E1 /* Assets.xcassets in Resources */ = {isa = PBXBuildFile; fileRef = 07D928C42A8812E4007BC1E1 /* Assets.xcassets */; };
		07D928C82A8812E4007BC1E1 /* Preview Assets.xcassets in Resources */ = {isa = PBXBuildFile; fileRef = 07D928C72A8812E4007BC1E1 /* Preview Assets.xcassets */; };
		0C53D26B2A89B05D00272F76 /* JobsView.swift in Sources */ = {isa = PBXBuildFile; fileRef = 0C53D26A2A89B05D00272F76 /* JobsView.swift */; };
		0C53D26D2A89B08B00272F76 /* TrailingIconLabelStyle.swift in Sources */ = {isa = PBXBuildFile; fileRef = 0C53D26C2A89B08B00272F76 /* TrailingIconLabelStyle.swift */; };
		0C53D26F2A89B09C00272F76 /* CardView.swift in Sources */ = {isa = PBXBuildFile; fileRef = 0C53D26E2A89B09C00272F76 /* CardView.swift */; };
		0C53D2722A89B0C100272F76 /* JobInfo.swift in Sources */ = {isa = PBXBuildFile; fileRef = 0C53D2712A89B0C100272F76 /* JobInfo.swift */; };
		0C53D2742A89B0D000272F76 /* Theme.swift in Sources */ = {isa = PBXBuildFile; fileRef = 0C53D2732A89B0D000272F76 /* Theme.swift */; };
		3C65CD88A971B52D8F949845 /* amplifyconfiguration.json in Resources */ = {isa = PBXBuildFile; fileRef = B33CF4F7DE6EA09059B3F760 /* amplifyconfiguration.json */; };
		C087D7E1671E061C9202A8AE /* awsconfiguration.json in Resources */ = {isa = PBXBuildFile; fileRef = DC4A4D8C9D5E9F8EB88EE890 /* awsconfiguration.json */; };
/* End PBXBuildFile section */

/* Begin PBXFileReference section */
		07D928BD2A8812E2007BC1E1 /* NewGradPositions.app */ = {isa = PBXFileReference; explicitFileType = wrapper.application; includeInIndex = 0; path = NewGradPositions.app; sourceTree = BUILT_PRODUCTS_DIR; };
		07D928C02A8812E2007BC1E1 /* NewGradPositionsApp.swift */ = {isa = PBXFileReference; lastKnownFileType = sourcecode.swift; path = NewGradPositionsApp.swift; sourceTree = "<group>"; };
		07D928C22A8812E2007BC1E1 /* ContentView.swift */ = {isa = PBXFileReference; lastKnownFileType = sourcecode.swift; path = ContentView.swift; sourceTree = "<group>"; };
		07D928C42A8812E4007BC1E1 /* Assets.xcassets */ = {isa = PBXFileReference; lastKnownFileType = folder.assetcatalog; path = Assets.xcassets; sourceTree = "<group>"; };
		07D928C72A8812E4007BC1E1 /* Preview Assets.xcassets */ = {isa = PBXFileReference; lastKnownFileType = folder.assetcatalog; path = "Preview Assets.xcassets"; sourceTree = "<group>"; };
		0C53D26A2A89B05D00272F76 /* JobsView.swift */ = {isa = PBXFileReference; lastKnownFileType = sourcecode.swift; path = JobsView.swift; sourceTree = "<group>"; };
		0C53D26C2A89B08B00272F76 /* TrailingIconLabelStyle.swift */ = {isa = PBXFileReference; lastKnownFileType = sourcecode.swift; path = TrailingIconLabelStyle.swift; sourceTree = "<group>"; };
		0C53D26E2A89B09C00272F76 /* CardView.swift */ = {isa = PBXFileReference; lastKnownFileType = sourcecode.swift; path = CardView.swift; sourceTree = "<group>"; };
		0C53D2712A89B0C100272F76 /* JobInfo.swift */ = {isa = PBXFileReference; lastKnownFileType = sourcecode.swift; path = JobInfo.swift; sourceTree = "<group>"; };
		0C53D2732A89B0D000272F76 /* Theme.swift */ = {isa = PBXFileReference; lastKnownFileType = sourcecode.swift; path = Theme.swift; sourceTree = "<group>"; };
		B33CF4F7DE6EA09059B3F760 /* amplifyconfiguration.json */ = {isa = PBXFileReference; explicitFileType = text.json; path = amplifyconfiguration.json; sourceTree = "<group>"; };
		DC4A4D8C9D5E9F8EB88EE890 /* awsconfiguration.json */ = {isa = PBXFileReference; explicitFileType = text.json; path = awsconfiguration.json; sourceTree = "<group>"; };
/* End PBXFileReference section */

/* Begin PBXFrameworksBuildPhase section */
		07D928BA2A8812E2007BC1E1 /* Frameworks */ = {
			isa = PBXFrameworksBuildPhase;
			buildActionMask = 2147483647;
			files = (
				073AF0702A8BF61100AB1640 /* AWSCognitoAuthPlugin in Frameworks */,
				073AF0722A8BF61100AB1640 /* Amplify in Frameworks */,
				073AF0752A8BF6A500AB1640 /* Authenticator in Frameworks */,
			);
			runOnlyForDeploymentPostprocessing = 0;
		};
/* End PBXFrameworksBuildPhase section */

/* Begin PBXGroup section */
		07D928B42A8812E2007BC1E1 = {
			isa = PBXGroup;
			children = (
				07D928BF2A8812E2007BC1E1 /* NewGradPositions */,
				07D928BE2A8812E2007BC1E1 /* Products */,
				931CBFEEDEC40F7610545079 /* AmplifyConfig */,
			);
			sourceTree = "<group>";
		};
		07D928BE2A8812E2007BC1E1 /* Products */ = {
			isa = PBXGroup;
			children = (
				07D928BD2A8812E2007BC1E1 /* NewGradPositions.app */,
			);
			name = Products;
			sourceTree = "<group>";
		};
		07D928BF2A8812E2007BC1E1 /* NewGradPositions */ = {
			isa = PBXGroup;
			children = (
				0C53D2702A89B0B500272F76 /* Models */,
				07D928C02A8812E2007BC1E1 /* NewGradPositionsApp.swift */,
				07D928C22A8812E2007BC1E1 /* ContentView.swift */,
				07D928C42A8812E4007BC1E1 /* Assets.xcassets */,
				07D928C62A8812E4007BC1E1 /* Preview Content */,
				0C53D26A2A89B05D00272F76 /* JobsView.swift */,
				0C53D26C2A89B08B00272F76 /* TrailingIconLabelStyle.swift */,
				0C53D26E2A89B09C00272F76 /* CardView.swift */,
			);
			path = NewGradPositions;
			sourceTree = "<group>";
		};
		07D928C62A8812E4007BC1E1 /* Preview Content */ = {
			isa = PBXGroup;
			children = (
				07D928C72A8812E4007BC1E1 /* Preview Assets.xcassets */,
			);
			path = "Preview Content";
			sourceTree = "<group>";
		};
		0C53D2702A89B0B500272F76 /* Models */ = {
			isa = PBXGroup;
			children = (
				0C53D2712A89B0C100272F76 /* JobInfo.swift */,
				0C53D2732A89B0D000272F76 /* Theme.swift */,
			);
			path = Models;
			sourceTree = "<group>";
		};
		931CBFEEDEC40F7610545079 /* AmplifyConfig */ = {
			isa = PBXGroup;
			children = (
				DC4A4D8C9D5E9F8EB88EE890 /* awsconfiguration.json */,
				B33CF4F7DE6EA09059B3F760 /* amplifyconfiguration.json */,
			);
			name = AmplifyConfig;
			sourceTree = "<group>";
		};
/* End PBXGroup section */

/* Begin PBXNativeTarget section */
		07D928BC2A8812E2007BC1E1 /* NewGradPositions */ = {
			isa = PBXNativeTarget;
			buildConfigurationList = 07D928CB2A8812E4007BC1E1 /* Build configuration list for PBXNativeTarget "NewGradPositions" */;
			buildPhases = (
				07D928B92A8812E2007BC1E1 /* Sources */,
				07D928BA2A8812E2007BC1E1 /* Frameworks */,
				07D928BB2A8812E2007BC1E1 /* Resources */,
			);
			buildRules = (
			);
			dependencies = (
			);
			name = NewGradPositions;
			packageProductDependencies = (
				073AF06F2A8BF61100AB1640 /* AWSCognitoAuthPlugin */,
				073AF0712A8BF61100AB1640 /* Amplify */,
				073AF0742A8BF6A500AB1640 /* Authenticator */,
			);
			productName = NewGradPositions;
			productReference = 07D928BD2A8812E2007BC1E1 /* NewGradPositions.app */;
			productType = "com.apple.product-type.application";
		};
/* End PBXNativeTarget section */

/* Begin PBXProject section */
		07D928B52A8812E2007BC1E1 /* Project object */ = {
			isa = PBXProject;
			attributes = {
				BuildIndependentTargetsInParallel = 1;
				LastSwiftUpdateCheck = 1430;
				LastUpgradeCheck = 1430;
				TargetAttributes = {
					07D928BC2A8812E2007BC1E1 = {
						CreatedOnToolsVersion = 14.3.1;
					};
				};
			};
			buildConfigurationList = 07D928B82A8812E2007BC1E1 /* Build configuration list for PBXProject "NewGradPositions" */;
			compatibilityVersion = "Xcode 14.0";
			developmentRegion = en;
			hasScannedForEncodings = 0;
			knownRegions = (
				en,
				Base,
			);
			mainGroup = 07D928B42A8812E2007BC1E1;
			packageReferences = (
				073AF06E2A8BF61100AB1640 /* XCRemoteSwiftPackageReference "amplify-swift" */,
				073AF0732A8BF6A500AB1640 /* XCRemoteSwiftPackageReference "amplify-ui-swift-authenticator" */,
			);
			productRefGroup = 07D928BE2A8812E2007BC1E1 /* Products */;
			projectDirPath = "";
			projectRoot = "";
			targets = (
				07D928BC2A8812E2007BC1E1 /* NewGradPositions */,
			);
		};
/* End PBXProject section */

/* Begin PBXResourcesBuildPhase section */
		07D928BB2A8812E2007BC1E1 /* Resources */ = {
			isa = PBXResourcesBuildPhase;
			buildActionMask = 2147483647;
			files = (
				07D928C82A8812E4007BC1E1 /* Preview Assets.xcassets in Resources */,
				07D928C52A8812E4007BC1E1 /* Assets.xcassets in Resources */,
				C087D7E1671E061C9202A8AE /* awsconfiguration.json in Resources */,
				3C65CD88A971B52D8F949845 /* amplifyconfiguration.json in Resources */,
			);
			runOnlyForDeploymentPostprocessing = 0;
		};
/* End PBXResourcesBuildPhase section */

/* Begin PBXSourcesBuildPhase section */
		07D928B92A8812E2007BC1E1 /* Sources */ = {
			isa = PBXSourcesBuildPhase;
			buildActionMask = 2147483647;
			files = (
				07D928C32A8812E2007BC1E1 /* ContentView.swift in Sources */,
				07D928C12A8812E2007BC1E1 /* NewGradPositionsApp.swift in Sources */,
				0C53D26B2A89B05D00272F76 /* JobsView.swift in Sources */,
				0C53D26D2A89B08B00272F76 /* TrailingIconLabelStyle.swift in Sources */,
				0C53D26F2A89B09C00272F76 /* CardView.swift in Sources */,
				0C53D2722A89B0C100272F76 /* JobInfo.swift in Sources */,
				0C53D2742A89B0D000272F76 /* Theme.swift in Sources */,
			);
			runOnlyForDeploymentPostprocessing = 0;
		};
/* End PBXSourcesBuildPhase section */

/* Begin XCBuildConfiguration section */
		07D928C92A8812E4007BC1E1 /* Debug */ = {
			isa = XCBuildConfiguration;
			buildSettings = {
				ALWAYS_SEARCH_USER_PATHS = NO;
				CLANG_ANALYZER_NONNULL = YES;
				CLANG_ANALYZER_NUMBER_OBJECT_CONVERSION = YES_AGGRESSIVE;
				CLANG_CXX_LANGUAGE_STANDARD = "gnu++20";
				CLANG_ENABLE_MODULES = YES;
				CLANG_ENABLE_OBJC_ARC = YES;
				CLANG_ENABLE_OBJC_WEAK = YES;
				CLANG_WARN_BLOCK_CAPTURE_AUTORELEASING = YES;
				CLANG_WARN_BOOL_CONVERSION = YES;
				CLANG_WARN_COMMA = YES;
				CLANG_WARN_CONSTANT_CONVERSION = YES;
				CLANG_WARN_DEPRECATED_OBJC_IMPLEMENTATIONS = YES;
				CLANG_WARN_DIRECT_OBJC_ISA_USAGE = YES_ERROR;
				CLANG_WARN_DOCUMENTATION_COMMENTS = YES;
				CLANG_WARN_EMPTY_BODY = YES;
				CLANG_WARN_ENUM_CONVERSION = YES;
				CLANG_WARN_INFINITE_RECURSION = YES;
				CLANG_WARN_INT_CONVERSION = YES;
				CLANG_WARN_NON_LITERAL_NULL_CONVERSION = YES;
				CLANG_WARN_OBJC_IMPLICIT_RETAIN_SELF = YES;
				CLANG_WARN_OBJC_LITERAL_CONVERSION = YES;
				CLANG_WARN_OBJC_ROOT_CLASS = YES_ERROR;
				CLANG_WARN_QUOTED_INCLUDE_IN_FRAMEWORK_HEADER = YES;
				CLANG_WARN_RANGE_LOOP_ANALYSIS = YES;
				CLANG_WARN_STRICT_PROTOTYPES = YES;
				CLANG_WARN_SUSPICIOUS_MOVE = YES;
				CLANG_WARN_UNGUARDED_AVAILABILITY = YES_AGGRESSIVE;
				CLANG_WARN_UNREACHABLE_CODE = YES;
				CLANG_WARN__DUPLICATE_METHOD_MATCH = YES;
				COPY_PHASE_STRIP = NO;
				DEBUG_INFORMATION_FORMAT = dwarf;
				ENABLE_STRICT_OBJC_MSGSEND = YES;
				ENABLE_TESTABILITY = YES;
				GCC_C_LANGUAGE_STANDARD = gnu11;
				GCC_DYNAMIC_NO_PIC = NO;
				GCC_NO_COMMON_BLOCKS = YES;
				GCC_OPTIMIZATION_LEVEL = 0;
				GCC_PREPROCESSOR_DEFINITIONS = (
					"DEBUG=1",
					"$(inherited)",
				);
				GCC_WARN_64_TO_32_BIT_CONVERSION = YES;
				GCC_WARN_ABOUT_RETURN_TYPE = YES_ERROR;
				GCC_WARN_UNDECLARED_SELECTOR = YES;
				GCC_WARN_UNINITIALIZED_AUTOS = YES_AGGRESSIVE;
				GCC_WARN_UNUSED_FUNCTION = YES;
				GCC_WARN_UNUSED_VARIABLE = YES;
				IPHONEOS_DEPLOYMENT_TARGET = 16.4;
				MTL_ENABLE_DEBUG_INFO = INCLUDE_SOURCE;
				MTL_FAST_MATH = YES;
				ONLY_ACTIVE_ARCH = YES;
				SDKROOT = iphoneos;
				SWIFT_ACTIVE_COMPILATION_CONDITIONS = DEBUG;
				SWIFT_OPTIMIZATION_LEVEL = "-Onone";
			};
			name = Debug;
		};
		07D928CA2A8812E4007BC1E1 /* Release */ = {
			isa = XCBuildConfiguration;
			buildSettings = {
				ALWAYS_SEARCH_USER_PATHS = NO;
				CLANG_ANALYZER_NONNULL = YES;
				CLANG_ANALYZER_NUMBER_OBJECT_CONVERSION = YES_AGGRESSIVE;
				CLANG_CXX_LANGUAGE_STANDARD = "gnu++20";
				CLANG_ENABLE_MODULES = YES;
				CLANG_ENABLE_OBJC_ARC = YES;
				CLANG_ENABLE_OBJC_WEAK = YES;
				CLANG_WARN_BLOCK_CAPTURE_AUTORELEASING = YES;
				CLANG_WARN_BOOL_CONVERSION = YES;
				CLANG_WARN_COMMA = YES;
				CLANG_WARN_CONSTANT_CONVERSION = YES;
				CLANG_WARN_DEPRECATED_OBJC_IMPLEMENTATIONS = YES;
				CLANG_WARN_DIRECT_OBJC_ISA_USAGE = YES_ERROR;
				CLANG_WARN_DOCUMENTATION_COMMENTS = YES;
				CLANG_WARN_EMPTY_BODY = YES;
				CLANG_WARN_ENUM_CONVERSION = YES;
				CLANG_WARN_INFINITE_RECURSION = YES;
				CLANG_WARN_INT_CONVERSION = YES;
				CLANG_WARN_NON_LITERAL_NULL_CONVERSION = YES;
				CLANG_WARN_OBJC_IMPLICIT_RETAIN_SELF = YES;
				CLANG_WARN_OBJC_LITERAL_CONVERSION = YES;
				CLANG_WARN_OBJC_ROOT_CLASS = YES_ERROR;
				CLANG_WARN_QUOTED_INCLUDE_IN_FRAMEWORK_HEADER = YES;
				CLANG_WARN_RANGE_LOOP_ANALYSIS = YES;
				CLANG_WARN_STRICT_PROTOTYPES = YES;
				CLANG_WARN_SUSPICIOUS_MOVE = YES;
				CLANG_WARN_UNGUARDED_AVAILABILITY = YES_AGGRESSIVE;
				CLANG_WARN_UNREACHABLE_CODE = YES;
				CLANG_WARN__DUPLICATE_METHOD_MATCH = YES;
				COPY_PHASE_STRIP = NO;
				DEBUG_INFORMATION_FORMAT = "dwarf-with-dsym";
				ENABLE_NS_ASSERTIONS = NO;
				ENABLE_STRICT_OBJC_MSGSEND = YES;
				GCC_C_LANGUAGE_STANDARD = gnu11;
				GCC_NO_COMMON_BLOCKS = YES;
				GCC_WARN_64_TO_32_BIT_CONVERSION = YES;
				GCC_WARN_ABOUT_RETURN_TYPE = YES_ERROR;
				GCC_WARN_UNDECLARED_SELECTOR = YES;
				GCC_WARN_UNINITIALIZED_AUTOS = YES_AGGRESSIVE;
				GCC_WARN_UNUSED_FUNCTION = YES;
				GCC_WARN_UNUSED_VARIABLE = YES;
				IPHONEOS_DEPLOYMENT_TARGET = 16.4;
				MTL_ENABLE_DEBUG_INFO = NO;
				MTL_FAST_MATH = YES;
				SDKROOT = iphoneos;
				SWIFT_COMPILATION_MODE = wholemodule;
				SWIFT_OPTIMIZATION_LEVEL = "-O";
				VALIDATE_PRODUCT = YES;
			};
			name = Release;
		};
		07D928CC2A8812E4007BC1E1 /* Debug */ = {
			isa = XCBuildConfiguration;
			buildSettings = {
				ASSETCATALOG_COMPILER_APPICON_NAME = AppIcon;
				ASSETCATALOG_COMPILER_GLOBAL_ACCENT_COLOR_NAME = AccentColor;
				CODE_SIGN_STYLE = Automatic;
				CURRENT_PROJECT_VERSION = 1;
				DEVELOPMENT_ASSET_PATHS = "\"NewGradPositions/Preview Content\"";
				DEVELOPMENT_TEAM = XGPJDW8JVL;
				ENABLE_PREVIEWS = YES;
				GENERATE_INFOPLIST_FILE = YES;
				INFOPLIST_KEY_UIApplicationSceneManifest_Generation = YES;
				INFOPLIST_KEY_UIApplicationSupportsIndirectInputEvents = YES;
				INFOPLIST_KEY_UILaunchScreen_Generation = YES;
				INFOPLIST_KEY_UISupportedInterfaceOrientations_iPad = "UIInterfaceOrientationPortrait UIInterfaceOrientationPortraitUpsideDown UIInterfaceOrientationLandscapeLeft UIInterfaceOrientationLandscapeRight";
				INFOPLIST_KEY_UISupportedInterfaceOrientations_iPhone = "UIInterfaceOrientationPortrait UIInterfaceOrientationLandscapeLeft UIInterfaceOrientationLandscapeRight";
				LD_RUNPATH_SEARCH_PATHS = (
					"$(inherited)",
					"@executable_path/Frameworks",
				);
				MARKETING_VERSION = 1.0;
				PRODUCT_BUNDLE_IDENTIFIER = SakethRenangi.NewGradPositions;
				PRODUCT_NAME = "$(TARGET_NAME)";
				SWIFT_EMIT_LOC_STRINGS = YES;
				SWIFT_VERSION = 5.0;
				TARGETED_DEVICE_FAMILY = "1,2";
			};
			name = Debug;
		};
		07D928CD2A8812E4007BC1E1 /* Release */ = {
			isa = XCBuildConfiguration;
			buildSettings = {
				ASSETCATALOG_COMPILER_APPICON_NAME = AppIcon;
				ASSETCATALOG_COMPILER_GLOBAL_ACCENT_COLOR_NAME = AccentColor;
				CODE_SIGN_STYLE = Automatic;
				CURRENT_PROJECT_VERSION = 1;
				DEVELOPMENT_ASSET_PATHS = "\"NewGradPositions/Preview Content\"";
				DEVELOPMENT_TEAM = XGPJDW8JVL;
				ENABLE_PREVIEWS = YES;
				GENERATE_INFOPLIST_FILE = YES;
				INFOPLIST_KEY_UIApplicationSceneManifest_Generation = YES;
				INFOPLIST_KEY_UIApplicationSupportsIndirectInputEvents = YES;
				INFOPLIST_KEY_UILaunchScreen_Generation = YES;
				INFOPLIST_KEY_UISupportedInterfaceOrientations_iPad = "UIInterfaceOrientationPortrait UIInterfaceOrientationPortraitUpsideDown UIInterfaceOrientationLandscapeLeft UIInterfaceOrientationLandscapeRight";
				INFOPLIST_KEY_UISupportedInterfaceOrientations_iPhone = "UIInterfaceOrientationPortrait UIInterfaceOrientationLandscapeLeft UIInterfaceOrientationLandscapeRight";
				LD_RUNPATH_SEARCH_PATHS = (
					"$(inherited)",
					"@executable_path/Frameworks",
				);
				MARKETING_VERSION = 1.0;
				PRODUCT_BUNDLE_IDENTIFIER = SakethRenangi.NewGradPositions;
				PRODUCT_NAME = "$(TARGET_NAME)";
				SWIFT_EMIT_LOC_STRINGS = YES;
				SWIFT_VERSION = 5.0;
				TARGETED_DEVICE_FAMILY = "1,2";
			};
			name = Release;
		};
/* End XCBuildConfiguration section */

/* Begin XCConfigurationList section */
		07D928B82A8812E2007BC1E1 /* Build configuration list for PBXProject "NewGradPositions" */ = {
			isa = XCConfigurationList;
			buildConfigurations = (
				07D928C92A8812E4007BC1E1 /* Debug */,
				07D928CA2A8812E4007BC1E1 /* Release */,
			);
			defaultConfigurationIsVisible = 0;
			defaultConfigurationName = Release;
		};
		07D928CB2A8812E4007BC1E1 /* Build configuration list for PBXNativeTarget "NewGradPositions" */ = {
			isa = XCConfigurationList;
			buildConfigurations = (
				07D928CC2A8812E4007BC1E1 /* Debug */,
				07D928CD2A8812E4007BC1E1 /* Release */,
			);
			defaultConfigurationIsVisible = 0;
			defaultConfigurationName = Release;
		};
/* End XCConfigurationList section */

/* Begin XCRemoteSwiftPackageReference section */
		073AF06E2A8BF61100AB1640 /* XCRemoteSwiftPackageReference "amplify-swift" */ = {
			isa = XCRemoteSwiftPackageReference;
			repositoryURL = "https://github.com/aws-amplify/amplify-swift";
			requirement = {
				kind = upToNextMajorVersion;
				minimumVersion = 2.0.0;
			};
		};
		073AF0732A8BF6A500AB1640 /* XCRemoteSwiftPackageReference "amplify-ui-swift-authenticator" */ = {
			isa = XCRemoteSwiftPackageReference;
			repositoryURL = "https://github.com/aws-amplify/amplify-ui-swift-authenticator";
			requirement = {
				kind = upToNextMajorVersion;
				minimumVersion = 1.0.0;
			};
		};
/* End XCRemoteSwiftPackageReference section */

/* Begin XCSwiftPackageProductDependency section */
		073AF06F2A8BF61100AB1640 /* AWSCognitoAuthPlugin */ = {
			isa = XCSwiftPackageProductDependency;
			package = 073AF06E2A8BF61100AB1640 /* XCRemoteSwiftPackageReference "amplify-swift" */;
			productName = AWSCognitoAuthPlugin;
		};
		073AF0712A8BF61100AB1640 /* Amplify */ = {
			isa = XCSwiftPackageProductDependency;
			package = 073AF06E2A8BF61100AB1640 /* XCRemoteSwiftPackageReference "amplify-swift" */;
			productName = Amplify;
		};
		073AF0742A8BF6A500AB1640 /* Authenticator */ = {
			isa = XCSwiftPackageProductDependency;
			package = 073AF0732A8BF6A500AB1640 /* XCRemoteSwiftPackageReference "amplify-ui-swift-authenticator" */;
			productName = Authenticator;
		};
/* End XCSwiftPackageProductDependency section */
	};
	rootObject = 07D928B52A8812E2007BC1E1 /* Project object */;
}
